
Microsoft Visual Studio Solution File, Format Version 12.00
# Visual Studio Version 18
VisualStudioVersion = 18.6.11819.183 stable
MinimumVisualStudioVersion = 10.0.40219.1
Project("{FAE04EC0-301F-11D3-BF4B-00C04F79EFBC}") = "gugugaga", "gugugaga.csproj", "{6928B7D0-FEAC-A05A-D86E-BD5F3789ADBC}"
EndProject
Project("{FAE04EC0-301F-11D3-BF4B-00C04F79EFBC}") = "KripakEngine", "..\engine\KripakEngine.csproj", "{0CDA1765-F0F5-46C0-1A8D-85F02B748FA1}"
EndProject
Global
	GlobalSection(SolutionConfigurationPlatforms) = preSolution
		Debug|Any CPU = Debug|Any CPU
		Release|Any CPU = Release|Any CPU
	EndGlobalSection
	GlobalSection(ProjectConfigurationPlatforms) = postSolution
		{6928B7D0-FEAC-A05A-D86E-BD5F3789ADBC}.Debug|Any CPU.ActiveCfg = Debug|Any CPU
		{6928B7D0-FEAC-A05A-D86E-BD5F3789ADBC}.Debug|Any CPU.Build.0 = Debug|Any CPU
		{6928B7D0-FEAC-A05A-D86E-BD5F3789ADBC}.Release|Any CPU.ActiveCfg = Release|Any CPU
		{6928B7D0-FEAC-A05A-D86E-BD5F3789ADBC}.Release|Any CPU.Build.0 = Release|Any CPU
		{0CDA1765-F0F5-46C0-1A8D-85F02B748FA1}.Debug|Any CPU.ActiveCfg = Debug|Any CPU
		{0CDA1765-F0F5-46C0-1A8D-85F02B748FA1}.Debug|Any CPU.Build.0 = Debug|Any CPU
		{0CDA1765-F0F5-46C0-1A8D-85F02B748FA1}.Release|Any CPU.ActiveCfg = Release|Any CPU
		{0CDA1765-F0F5-46C0-1A8D-85F02B748FA1}.Release|Any CPU.Build.0 = Release|Any CPU
	EndGlobalSection
	GlobalSection(SolutionProperties) = preSolution
		HideSolutionNode = FALSE
	EndGlobalSection
	GlobalSection(ExtensibilityGlobals) = postSolution
		SolutionGuid = {206A2ABF-5F4C-4015-9C35-A7785E2A02C8}
	EndGlobalSection
EndGlobal
